
Microsoft Visual Studio Solution File, Format Version 12.00
# Visual Studio Version 16
VisualStudioVersion = 16.0.28315.86
MinimumVisualStudioVersion = 10.0.40219.1
Project("{2150E333-8FDC-42A3-9474-1A3956D46DE8}") = "Engine", "Engine", "{3A271E3C-AC91-4D6A-9F64-D002091ECEBA}"
EndProject
Project("{2150E333-8FDC-42A3-9474-1A3956D46DE8}") = "Games", "Games", "{F2AAD63A-48C1-4C82-AA5C-4CBF0C3B5FD2}"
EndProject
Project("{8BC9CEB8-8B4A-11D0-8D11-00A0C91BC942}") = "UE4", "Intermediate\ProjectFiles\UE4.vcxproj", "{415418B2-F9AA-4FF3-863E-3F2574E1A110}"
EndProject
Project("{8BC9CEB8-8B4A-11D0-8D11-00A0C91BC942}") = "BattleTank", "Intermediate\ProjectFiles\BattleTank.vcxproj", "{EABFCB03-15D9-42DF-A0D9-FB764F523235}"
EndProject
Project("{2150E333-8FDC-42A3-9474-1A3956D46DE8}") = "Visualizers", "Visualizers", "{EABD9A99-D0FD-4635-9DC5-367DFBC511E3}"
	ProjectSection(SolutionItems) = preProject
		C:\Program Files\Epic Games\UE_4.24\Engine\Extras\VisualStudioDebugging\UE4.natvis = C:\Program Files\Epic Games\UE_4.24\Engine\Extras\VisualStudioDebugging\UE4.natvis
	EndProjectSection
EndProject
Global
	GlobalSection(SolutionConfigurationPlatforms) = preSolution
		DebugGame Editor|Win32 = DebugGame Editor|Win32
		DebugGame Editor|Win64 = DebugGame Editor|Win64
		DebugGame|Win32 = DebugGame|Win32
		DebugGame|Win64 = DebugGame|Win64
		Development Editor|Win32 = Development Editor|Win32
		Development Editor|Win64 = Development Editor|Win64
		Development|Win32 = Development|Win32
		Development|Win64 = Development|Win64
		Shipping|Win32 = Shipping|Win32
		Shipping|Win64 = Shipping|Win64
	EndGlobalSection
	GlobalSection(ProjectConfigurationPlatforms) = postSolution
		{415418B2-F9AA-4FF3-863E-3F2574E1A110}.DebugGame Editor|Win32.ActiveCfg = BuiltWithUnrealBuildTool|Win32
		{415418B2-F9AA-4FF3-863E-3F2574E1A110}.DebugGame Editor|Win64.ActiveCfg = BuiltWithUnrealBuildTool|Win32
		{415418B2-F9AA-4FF3-863E-3F2574E1A110}.DebugGame|Win32.ActiveCfg = BuiltWithUnrealBuildTool|Win32
		{415418B2-F9AA-4FF3-863E-3F2574E1A110}.DebugGame|Win64.ActiveCfg = BuiltWithUnrealBuildTool|Win32
		{415418B2-F9AA-4FF3-863E-3F2574E1A110}.Development Editor|Win32.ActiveCfg = BuiltWithUnrealBuildTool|Win32
		{415418B2-F9AA-4FF3-863E-3F2574E1A110}.Development Editor|Win64.ActiveCfg = BuiltWithUnrealBuildTool|Win32
		{415418B2-F9AA-4FF3-863E-3F2574E1A110}.Development|Win32.ActiveCfg = BuiltWithUnrealBuildTool|Win32
		{415418B2-F9AA-4FF3-863E-3F2574E1A110}.Development|Win64.ActiveCfg = BuiltWithUnrealBuildTool|Win32
		{415418B2-F9AA-4FF3-863E-3F2574E1A110}.Shipping|Win32.ActiveCfg = BuiltWithUnrealBuildTool|Win32
		{415418B2-F9AA-4FF3-863E-3F2574E1A110}.Shipping|Win64.ActiveCfg = BuiltWithUnrealBuildTool|Win32
		{EABFCB03-15D9-42DF-A0D9-FB764F523235}.DebugGame Editor|Win32.ActiveCfg = Invalid|Win32
		{EABFCB03-15D9-42DF-A0D9-FB764F523235}.DebugGame Editor|Win64.ActiveCfg = DebugGame_Editor|x64
		{EABFCB03-15D9-42DF-A0D9-FB764F523235}.DebugGame Editor|Win64.Build.0 = DebugGame_Editor|x64
		{EABFCB03-15D9-42DF-A0D9-FB764F523235}.DebugGame|Win32.ActiveCfg = DebugGame|Win32
		{EABFCB03-15D9-42DF-A0D9-FB764F523235}.DebugGame|Win32.Build.0 = DebugGame|Win32
		{EABFCB03-15D9-42DF-A0D9-FB764F523235}.DebugGame|Win64.ActiveCfg = DebugGame|x64
		{EABFCB03-15D9-42DF-A0D9-FB764F523235}.DebugGame|Win64.Build.0 = DebugGame|x64
		{EABFCB03-15D9-42DF-A0D9-FB764F523235}.Development Editor|Win32.ActiveCfg = Invalid|Win32
		{EABFCB03-15D9-42DF-A0D9-FB764F523235}.Development Editor|Win64.ActiveCfg = Development_Editor|x64
		{EABFCB03-15D9-42DF-A0D9-FB764F523235}.Development Editor|Win64.Build.0 = Development_Editor|x64
		{EABFCB03-15D9-42DF-A0D9-FB764F523235}.Development|Win32.ActiveCfg = Development|Win32
		{EABFCB03-15D9-42DF-A0D9-FB764F523235}.Development|Win32.Build.0 = Development|Win32
		{EABFCB03-15D9-42DF-A0D9-FB764F523235}.Development|Win64.ActiveCfg = Development|x64
		{EABFCB03-15D9-42DF-A0D9-FB764F523235}.Development|Win64.Build.0 = Development|x64
		{EABFCB03-15D9-42DF-A0D9-FB764F523235}.Shipping|Win32.ActiveCfg = Shipping|Win32
		{EABFCB03-15D9-42DF-A0D9-FB764F523235}.Shipping|Win32.Build.0 = Shipping|Win32
		{EABFCB03-15D9-42DF-A0D9-FB764F523235}.Shipping|Win64.ActiveCfg = Shipping|x64
		{EABFCB03-15D9-42DF-A0D9-FB764F523235}.Shipping|Win64.Build.0 = Shipping|x64
	EndGlobalSection
	GlobalSection(SolutionProperties) = preSolution
		HideSolutionNode = FALSE
	EndGlobalSection
	GlobalSection(NestedProjects) = preSolution
		{415418B2-F9AA-4FF3-863E-3F2574E1A110} = {3A271E3C-AC91-4D6A-9F64-D002091ECEBA}
		{EABFCB03-15D9-42DF-A0D9-FB764F523235} = {F2AAD63A-48C1-4C82-AA5C-4CBF0C3B5FD2}
	EndGlobalSection
EndGlobal
